
Microsoft Visual Studio Solution File, Format Version 12.00
# Visual Studio 15
Project("{FAE04EC0-301F-11D3-BF4B-00C04F79EFBC}") = "Assembly-CSharp", "Assembly-CSharp.csproj", "{3F03A6C0-6867-04B5-0E08-C453DF104D17}"
EndProject
Project("{FAE04EC0-301F-11D3-BF4B-00C04F79EFBC}") = "Assembly-CSharp-Editor-firstpass", "Assembly-CSharp-Editor-firstpass.csproj", "{3E8C2C59-E8B0-86B6-7FD3-AC81878DF7BA}"
EndProject
Global
	GlobalSection(SolutionConfigurationPlatforms) = preSolution
		Debug|Any CPU = Debug|Any CPU
		Release|Any CPU = Release|Any CPU
	EndGlobalSection
	GlobalSection(ProjectConfigurationPlatforms) = postSolution
		{3F03A6C0-6867-04B5-0E08-C453DF104D17}.Debug|Any CPU.ActiveCfg = Debug|Any CPU
		{3F03A6C0-6867-04B5-0E08-C453DF104D17}.Debug|Any CPU.Build.0 = Debug|Any CPU
		{3F03A6C0-6867-04B5-0E08-C453DF104D17}.Release|Any CPU.ActiveCfg = Release|Any CPU
		{3F03A6C0-6867-04B5-0E08-C453DF104D17}.Release|Any CPU.Build.0 = Release|Any CPU
		{3E8C2C59-E8B0-86B6-7FD3-AC81878DF7BA}.Debug|Any CPU.ActiveCfg = Debug|Any CPU
		{3E8C2C59-E8B0-86B6-7FD3-AC81878DF7BA}.Debug|Any CPU.Build.0 = Debug|Any CPU
		{3E8C2C59-E8B0-86B6-7FD3-AC81878DF7BA}.Release|Any CPU.ActiveCfg = Release|Any CPU
		{3E8C2C59-E8B0-86B6-7FD3-AC81878DF7BA}.Release|Any CPU.Build.0 = Release|Any CPU
	EndGlobalSection
	GlobalSection(SolutionProperties) = preSolution
		HideSolutionNode = FALSE
	EndGlobalSection
EndGlobal
